
Microsoft Visual Studio Solution File, Format Version 12.00
# Visual Studio Version 16
VisualStudioVersion = 16.0.30204.135
MinimumVisualStudioVersion = 10.0.40219.1
Project("{FAE04EC0-301F-11D3-BF4B-00C04F79EFBC}") = "TimeTracker", "TimeTracker\TimeTracker.csproj", "{90961E3C-E979-4A20-874D-2795988BAE93}"
EndProject
Global
	GlobalSection(SolutionConfigurationPlatforms) = preSolution
		Debug|Any CPU = Debug|Any CPU
		Release|Any CPU = Release|Any CPU
	EndGlobalSection
	GlobalSection(ProjectConfigurationPlatforms) = postSolution
		{90961E3C-E979-4A20-874D-2795988BAE93}.Debug|Any CPU.ActiveCfg = Debug|Any CPU
		{90961E3C-E979-4A20-874D-2795988BAE93}.Debug|Any CPU.Build.0 = Debug|Any CPU
		{90961E3C-E979-4A20-874D-2795988BAE93}.Release|Any CPU.ActiveCfg = Release|Any CPU
		{90961E3C-E979-4A20-874D-2795988BAE93}.Release|Any CPU.Build.0 = Release|Any CPU
	EndGlobalSection
	GlobalSection(SolutionProperties) = preSolution
		HideSolutionNode = FALSE
	EndGlobalSection
	GlobalSection(ExtensibilityGlobals) = postSolution
		SolutionGuid = {5E883633-D933-4BF5-87EC-156BBEC50BD9}
	EndGlobalSection
EndGlobal
